
Microsoft Visual Studio Solution File, Format Version 12.00
# Visual Studio Version 16
VisualStudioVersion = 16.0.32106.194
MinimumVisualStudioVersion = 10.0.40219.1
Project("{9A19103F-16F7-4668-BE54-9A1E7A4F7556}") = "EXWHYZEE.LGT", "EXWHYZEE.LGT\EXWHYZEE.LGT.csproj", "{D9ED2ECF-E137-43F4-B49E-6C073F87AB60}"
EndProject
Project("{9A19103F-16F7-4668-BE54-9A1E7A4F7556}") = "LGA.EXWHYZEE.LGT", "LGA.EXWHYZEE.LGT\LGA.EXWHYZEE.LGT.csproj", "{D079B6EE-CEB3-4C02-A5AF-2302BF18BBCD}"
EndProject
Project("{9A19103F-16F7-4668-BE54-9A1E7A4F7556}") = "LIBRARY.EXWHYZEE.LGT", "LIBRARY.EXWHYZEE.LGT\LIBRARY.EXWHYZEE.LGT.csproj", "{DDB3541A-F28E-497F-B358-D6C11EABD53E}"
EndProject
Project("{FAE04EC0-301F-11D3-BF4B-00C04F79EFBC}") = "EXWHYZEE.WEB", "EXWHYZEE.WEB\EXWHYZEE.WEB.csproj", "{7D7CDC78-1B87-4F09-837A-2EC79609FE1F}"
EndProject
Global
	GlobalSection(SolutionConfigurationPlatforms) = preSolution
		Debug|Any CPU = Debug|Any CPU
		Release|Any CPU = Release|Any CPU
	EndGlobalSection
	GlobalSection(ProjectConfigurationPlatforms) = postSolution
		{D9ED2ECF-E137-43F4-B49E-6C073F87AB60}.Debug|Any CPU.ActiveCfg = Debug|Any CPU
		{D9ED2ECF-E137-43F4-B49E-6C073F87AB60}.Debug|Any CPU.Build.0 = Debug|Any CPU
		{D9ED2ECF-E137-43F4-B49E-6C073F87AB60}.Release|Any CPU.ActiveCfg = Release|Any CPU
		{D9ED2ECF-E137-43F4-B49E-6C073F87AB60}.Release|Any CPU.Build.0 = Release|Any CPU
		{D079B6EE-CEB3-4C02-A5AF-2302BF18BBCD}.Debug|Any CPU.ActiveCfg = Debug|Any CPU
		{D079B6EE-CEB3-4C02-A5AF-2302BF18BBCD}.Debug|Any CPU.Build.0 = Debug|Any CPU
		{D079B6EE-CEB3-4C02-A5AF-2302BF18BBCD}.Release|Any CPU.ActiveCfg = Release|Any CPU
		{D079B6EE-CEB3-4C02-A5AF-2302BF18BBCD}.Release|Any CPU.Build.0 = Release|Any CPU
		{DDB3541A-F28E-497F-B358-D6C11EABD53E}.Debug|Any CPU.ActiveCfg = Debug|Any CPU
		{DDB3541A-F28E-497F-B358-D6C11EABD53E}.Debug|Any CPU.Build.0 = Debug|Any CPU
		{DDB3541A-F28E-497F-B358-D6C11EABD53E}.Release|Any CPU.ActiveCfg = Release|Any CPU
		{DDB3541A-F28E-497F-B358-D6C11EABD53E}.Release|Any CPU.Build.0 = Release|Any CPU
		{7D7CDC78-1B87-4F09-837A-2EC79609FE1F}.Debug|Any CPU.ActiveCfg = Debug|Any CPU
		{7D7CDC78-1B87-4F09-837A-2EC79609FE1F}.Debug|Any CPU.Build.0 = Debug|Any CPU
		{7D7CDC78-1B87-4F09-837A-2EC79609FE1F}.Release|Any CPU.ActiveCfg = Release|Any CPU
		{7D7CDC78-1B87-4F09-837A-2EC79609FE1F}.Release|Any CPU.Build.0 = Release|Any CPU
	EndGlobalSection
	GlobalSection(SolutionProperties) = preSolution
		HideSolutionNode = FALSE
	EndGlobalSection
	GlobalSection(ExtensibilityGlobals) = postSolution
		SolutionGuid = {632AD7DF-B38F-47AA-B1AC-04851093817B}
	EndGlobalSection
EndGlobal
